// !$*UTF8*$!
{
	archiveVersion = 1;
	classes = {
	};
	objectVersion = 55;
	objects = {

/* Begin PBXBuildFile section */
		6C992C252806E60500708D2F /* VideoWallPaperV5App.swift in Sources */ = {isa = PBXBuildFile; fileRef = 6C992C242806E60500708D2F /* VideoWallPaperV5App.swift */; };
		6C992C272806E60500708D2F /* ContentView.swift in Sources */ = {isa = PBXBuildFile; fileRef = 6C992C262806E60500708D2F /* ContentView.swift */; };
		6C992C292806E60500708D2F /* Assets.xcassets in Resources */ = {isa = PBXBuildFile; fileRef = 6C992C282806E60500708D2F /* Assets.xcassets */; };
		6C992C2C2806E60500708D2F /* Preview Assets.xcassets in Resources */ = {isa = PBXBuildFile; fileRef = 6C992C2B2806E60500708D2F /* Preview Assets.xcassets */; };
		6C992C362806EEEB00708D2F /* republica_showreel2.mp4 in Resources */ = {isa = PBXBuildFile; fileRef = 6C992C352806EEEB00708D2F /* republica_showreel2.mp4 */; };
		6C992C3E2806F0D600708D2F /* Hill.otf in Resources */ = {isa = PBXBuildFile; fileRef = 6C992C382806F0D600708D2F /* Hill.otf */; };
		6C992C3F2806F0D600708D2F /* Hill-Bold.otf in Resources */ = {isa = PBXBuildFile; fileRef = 6C992C392806F0D600708D2F /* Hill-Bold.otf */; };
		6C992C402806F0D600708D2F /* Hill-Thin.otf in Resources */ = {isa = PBXBuildFile; fileRef = 6C992C3A2806F0D600708D2F /* Hill-Thin.otf */; };
		6C992C412806F0D600708D2F /* Hill-DemiBold.otf in Resources */ = {isa = PBXBuildFile; fileRef = 6C992C3B2806F0D600708D2F /* Hill-DemiBold.otf */; };
		6C992C422806F0D600708D2F /* Hill-Heavy.otf in Resources */ = {isa = PBXBuildFile; fileRef = 6C992C3C2806F0D600708D2F /* Hill-Heavy.otf */; };
		6C992C432806F0D600708D2F /* Hill-Light.otf in Resources */ = {isa = PBXBuildFile; fileRef = 6C992C3D2806F0D600708D2F /* Hill-Light.otf */; };
		6C992C462806F33700708D2F /* butterfly.mp4 in Resources */ = {isa = PBXBuildFile; fileRef = 6C992C452806F33700708D2F /* butterfly.mp4 */; };
/* End PBXBuildFile section */

/* Begin PBXFileReference section */
		6C992C212806E60500708D2F /* VideoWallPaperV5.app */ = {isa = PBXFileReference; explicitFileType = wrapper.application; includeInIndex = 0; path = VideoWallPaperV5.app; sourceTree = BUILT_PRODUCTS_DIR; };
		6C992C242806E60500708D2F /* VideoWallPaperV5App.swift */ = {isa = PBXFileReference; lastKnownFileType = sourcecode.swift; path = VideoWallPaperV5App.swift; sourceTree = "<group>"; };
		6C992C262806E60500708D2F /* ContentView.swift */ = {isa = PBXFileReference; lastKnownFileType = sourcecode.swift; path = ContentView.swift; sourceTree = "<group>"; };
		6C992C282806E60500708D2F /* Assets.xcassets */ = {isa = PBXFileReference; lastKnownFileType = folder.assetcatalog; path = Assets.xcassets; sourceTree = "<group>"; };
		6C992C2B2806E60500708D2F /* Preview Assets.xcassets */ = {isa = PBXFileReference; lastKnownFileType = folder.assetcatalog; path = "Preview Assets.xcassets"; sourceTree = "<group>"; };
		6C992C352806EEEB00708D2F /* republica_showreel2.mp4 */ = {isa = PBXFileReference; lastKnownFileType = file; path = republica_showreel2.mp4; sourceTree = "<group>"; };
		6C992C382806F0D600708D2F /* Hill.otf */ = {isa = PBXFileReference; lastKnownFileType = file; path = Hill.otf; sourceTree = "<group>"; };
		6C992C392806F0D600708D2F /* Hill-Bold.otf */ = {isa = PBXFileReference; lastKnownFileType = file; path = "Hill-Bold.otf"; sourceTree = "<group>"; };
		6C992C3A2806F0D600708D2F /* Hill-Thin.otf */ = {isa = PBXFileReference; lastKnownFileType = file; path = "Hill-Thin.otf"; sourceTree = "<group>"; };
		6C992C3B2806F0D600708D2F /* Hill-DemiBold.otf */ = {isa = PBXFileReference; lastKnownFileType = file; path = "Hill-DemiBold.otf"; sourceTree = "<group>"; };
		6C992C3C2806F0D600708D2F /* Hill-Heavy.otf */ = {isa = PBXFileReference; lastKnownFileType = file; path = "Hill-Heavy.otf"; sourceTree = "<group>"; };
		6C992C3D2806F0D600708D2F /* Hill-Light.otf */ = {isa = PBXFileReference; lastKnownFileType = file; path = "Hill-Light.otf"; sourceTree = "<group>"; };
		6C992C442806F10D00708D2F /* Info.plist */ = {isa = PBXFileReference; lastKnownFileType = text.plist; path = Info.plist; sourceTree = "<group>"; };
		6C992C452806F33700708D2F /* butterfly.mp4 */ = {isa = PBXFileReference; lastKnownFileType = file; path = butterfly.mp4; sourceTree = "<group>"; };
/* End PBXFileReference section */

/* Begin PBXFrameworksBuildPhase section */
		6C992C1E2806E60500708D2F /* Frameworks */ = {
			isa = PBXFrameworksBuildPhase;
			buildActionMask = 2147483647;
			files = (
			);
			runOnlyForDeploymentPostprocessing = 0;
		};
/* End PBXFrameworksBuildPhase section */

/* Begin PBXGroup section */
		6C992C182806E60500708D2F = {
			isa = PBXGroup;
			children = (
				6C992C232806E60500708D2F /* VideoWallPaperV5 */,
				6C992C222806E60500708D2F /* Products */,
			);
			sourceTree = "<group>";
		};
		6C992C222806E60500708D2F /* Products */ = {
			isa = PBXGroup;
			children = (
				6C992C212806E60500708D2F /* VideoWallPaperV5.app */,
			);
			name = Products;
			sourceTree = "<group>";
		};
		6C992C232806E60500708D2F /* VideoWallPaperV5 */ = {
			isa = PBXGroup;
			children = (
				6C992C442806F10D00708D2F /* Info.plist */,
				6C992C372806F0D600708D2F /* Hill */,
				6C992C322806E65600708D2F /* Assets */,
				6C992C242806E60500708D2F /* VideoWallPaperV5App.swift */,
				6C992C262806E60500708D2F /* ContentView.swift */,
				6C992C282806E60500708D2F /* Assets.xcassets */,
				6C992C2A2806E60500708D2F /* Preview Content */,
			);
			path = VideoWallPaperV5;
			sourceTree = "<group>";
		};
		6C992C2A2806E60500708D2F /* Preview Content */ = {
			isa = PBXGroup;
			children = (
				6C992C2B2806E60500708D2F /* Preview Assets.xcassets */,
			);
			path = "Preview Content";
			sourceTree = "<group>";
		};
		6C992C322806E65600708D2F /* Assets */ = {
			isa = PBXGroup;
			children = (
				6C992C452806F33700708D2F /* butterfly.mp4 */,
				6C992C352806EEEB00708D2F /* republica_showreel2.mp4 */,
			);
			path = Assets;
			sourceTree = "<group>";
		};
		6C992C372806F0D600708D2F /* Hill */ = {
			isa = PBXGroup;
			children = (
				6C992C382806F0D600708D2F /* Hill.otf */,
				6C992C392806F0D600708D2F /* Hill-Bold.otf */,
				6C992C3A2806F0D600708D2F /* Hill-Thin.otf */,
				6C992C3B2806F0D600708D2F /* Hill-DemiBold.otf */,
				6C992C3C2806F0D600708D2F /* Hill-Heavy.otf */,
				6C992C3D2806F0D600708D2F /* Hill-Light.otf */,
			);
			path = Hill;
			sourceTree = "<group>";
		};
/* End PBXGroup section */

/* Begin PBXNativeTarget section */
		6C992C202806E60500708D2F /* VideoWallPaperV5 */ = {
			isa = PBXNativeTarget;
			buildConfigurationList = 6C992C2F2806E60500708D2F /* Build configuration list for PBXNativeTarget "VideoWallPaperV5" */;
			buildPhases = (
				6C992C1D2806E60500708D2F /* Sources */,
				6C992C1E2806E60500708D2F /* Frameworks */,
				6C992C1F2806E60500708D2F /* Resources */,
			);
			buildRules = (
			);
			dependencies = (
			);
			name = VideoWallPaperV5;
			productName = VideoWallPaperV5;
			productReference = 6C992C212806E60500708D2F /* VideoWallPaperV5.app */;
			productType = "com.apple.product-type.application";
		};
/* End PBXNativeTarget section */

/* Begin PBXProject section */
		6C992C192806E60500708D2F /* Project object */ = {
			isa = PBXProject;
			attributes = {
				BuildIndependentTargetsInParallel = 1;
				LastSwiftUpdateCheck = 1330;
				LastUpgradeCheck = 1330;
				TargetAttributes = {
					6C992C202806E60500708D2F = {
						CreatedOnToolsVersion = 13.3;
					};
				};
			};
			buildConfigurationList = 6C992C1C2806E60500708D2F /* Build configuration list for PBXProject "VideoWallPaperV5" */;
			compatibilityVersion = "Xcode 13.0";
			developmentRegion = en;
			hasScannedForEncodings = 0;
			knownRegions = (
				en,
				Base,
			);
			mainGroup = 6C992C182806E60500708D2F;
			productRefGroup = 6C992C222806E60500708D2F /* Products */;
			projectDirPath = "";
			projectRoot = "";
			targets = (
				6C992C202806E60500708D2F /* VideoWallPaperV5 */,
			);
		};
/* End PBXProject section */

/* Begin PBXResourcesBuildPhase section */
		6C992C1F2806E60500708D2F /* Resources */ = {
			isa = PBXResourcesBuildPhase;
			buildActionMask = 2147483647;
			files = (
				6C992C422806F0D600708D2F /* Hill-Heavy.otf in Resources */,
				6C992C412806F0D600708D2F /* Hill-DemiBold.otf in Resources */,
				6C992C3F2806F0D600708D2F /* Hill-Bold.otf in Resources */,
				6C992C402806F0D600708D2F /* Hill-Thin.otf in Resources */,
				6C992C3E2806F0D600708D2F /* Hill.otf in Resources */,
				6C992C432806F0D600708D2F /* Hill-Light.otf in Resources */,
				6C992C362806EEEB00708D2F /* republica_showreel2.mp4 in Resources */,
				6C992C2C2806E60500708D2F /* Preview Assets.xcassets in Resources */,
				6C992C292806E60500708D2F /* Assets.xcassets in Resources */,
				6C992C462806F33700708D2F /* butterfly.mp4 in Resources */,
			);
			runOnlyForDeploymentPostprocessing = 0;
		};
/* End PBXResourcesBuildPhase section */

/* Begin PBXSourcesBuildPhase section */
		6C992C1D2806E60500708D2F /* Sources */ = {
			isa = PBXSourcesBuildPhase;
			buildActionMask = 2147483647;
			files = (
				6C992C272806E60500708D2F /* ContentView.swift in Sources */,
				6C992C252806E60500708D2F /* VideoWallPaperV5App.swift in Sources */,
			);
			runOnlyForDeploymentPostprocessing = 0;
		};
/* End PBXSourcesBuildPhase section */

/* Begin XCBuildConfiguration section */
		6C992C2D2806E60500708D2F /* Debug */ = {
			isa = XCBuildConfiguration;
			buildSettings = {
				ALWAYS_SEARCH_USER_PATHS = NO;
				CLANG_ANALYZER_NONNULL = YES;
				CLANG_ANALYZER_NUMBER_OBJECT_CONVERSION = YES_AGGRESSIVE;
				CLANG_CXX_LANGUAGE_STANDARD = "gnu++17";
				CLANG_ENABLE_MODULES = YES;
				CLANG_ENABLE_OBJC_ARC = YES;
				CLANG_ENABLE_OBJC_WEAK = YES;
				CLANG_WARN_BLOCK_CAPTURE_AUTORELEASING = YES;
				CLANG_WARN_BOOL_CONVERSION = YES;
				CLANG_WARN_COMMA = YES;
				CLANG_WARN_CONSTANT_CONVERSION = YES;
				CLANG_WARN_DEPRECATED_OBJC_IMPLEMENTATIONS = YES;
				CLANG_WARN_DIRECT_OBJC_ISA_USAGE = YES_ERROR;
				CLANG_WARN_DOCUMENTATION_COMMENTS = YES;
				CLANG_WARN_EMPTY_BODY = YES;
				CLANG_WARN_ENUM_CONVERSION = YES;
				CLANG_WARN_INFINITE_RECURSION = YES;
				CLANG_WARN_INT_CONVERSION = YES;
				CLANG_WARN_NON_LITERAL_NULL_CONVERSION = YES;
				CLANG_WARN_OBJC_IMPLICIT_RETAIN_SELF = YES;
				CLANG_WARN_OBJC_LITERAL_CONVERSION = YES;
				CLANG_WARN_OBJC_ROOT_CLASS = YES_ERROR;
				CLANG_WARN_QUOTED_INCLUDE_IN_FRAMEWORK_HEADER = YES;
				CLANG_WARN_RANGE_LOOP_ANALYSIS = YES;
				CLANG_WARN_STRICT_PROTOTYPES = YES;
				CLANG_WARN_SUSPICIOUS_MOVE = YES;
				CLANG_WARN_UNGUARDED_AVAILABILITY = YES_AGGRESSIVE;
				CLANG_WARN_UNREACHABLE_CODE = YES;
				CLANG_WARN__DUPLICATE_METHOD_MATCH = YES;
				COPY_PHASE_STRIP = NO;
				DEBUG_INFORMATION_FORMAT = dwarf;
				ENABLE_STRICT_OBJC_MSGSEND = YES;
				ENABLE_TESTABILITY = YES;
				GCC_C_LANGUAGE_STANDARD = gnu11;
				GCC_DYNAMIC_NO_PIC = NO;
				GCC_NO_COMMON_BLOCKS = YES;
				GCC_OPTIMIZATION_LEVEL = 0;
				GCC_PREPROCESSOR_DEFINITIONS = (
					"DEBUG=1",
					"$(inherited)",
				);
				GCC_WARN_64_TO_32_BIT_CONVERSION = YES;
				GCC_WARN_ABOUT_RETURN_TYPE = YES_ERROR;
				GCC_WARN_UNDECLARED_SELECTOR = YES;
				GCC_WARN_UNINITIALIZED_AUTOS = YES_AGGRESSIVE;
				GCC_WARN_UNUSED_FUNCTION = YES;
				GCC_WARN_UNUSED_VARIABLE = YES;
				MTL_ENABLE_DEBUG_INFO = INCLUDE_SOURCE;
				MTL_FAST_MATH = YES;
				ONLY_ACTIVE_ARCH = YES;
				SDKROOT = appletvos;
				SWIFT_ACTIVE_COMPILATION_CONDITIONS = DEBUG;
				SWIFT_OPTIMIZATION_LEVEL = "-Onone";
				TVOS_DEPLOYMENT_TARGET = 15.4;
			};
			name = Debug;
		};
		6C992C2E2806E60500708D2F /* Release */ = {
			isa = XCBuildConfiguration;
			buildSettings = {
				ALWAYS_SEARCH_USER_PATHS = NO;
				CLANG_ANALYZER_NONNULL = YES;
				CLANG_ANALYZER_NUMBER_OBJECT_CONVERSION = YES_AGGRESSIVE;
				CLANG_CXX_LANGUAGE_STANDARD = "gnu++17";
				CLANG_ENABLE_MODULES = YES;
				CLANG_ENABLE_OBJC_ARC = YES;
				CLANG_ENABLE_OBJC_WEAK = YES;
				CLANG_WARN_BLOCK_CAPTURE_AUTORELEASING = YES;
				CLANG_WARN_BOOL_CONVERSION = YES;
				CLANG_WARN_COMMA = YES;
				CLANG_WARN_CONSTANT_CONVERSION = YES;
				CLANG_WARN_DEPRECATED_OBJC_IMPLEMENTATIONS = YES;
				CLANG_WARN_DIRECT_OBJC_ISA_USAGE = YES_ERROR;
				CLANG_WARN_DOCUMENTATION_COMMENTS = YES;
				CLANG_WARN_EMPTY_BODY = YES;
				CLANG_WARN_ENUM_CONVERSION = YES;
				CLANG_WARN_INFINITE_RECURSION = YES;
				CLANG_WARN_INT_CONVERSION = YES;
				CLANG_WARN_NON_LITERAL_NULL_CONVERSION = YES;
				CLANG_WARN_OBJC_IMPLICIT_RETAIN_SELF = YES;
				CLANG_WARN_OBJC_LITERAL_CONVERSION = YES;
				CLANG_WARN_OBJC_ROOT_CLASS = YES_ERROR;
				CLANG_WARN_QUOTED_INCLUDE_IN_FRAMEWORK_HEADER = YES;
				CLANG_WARN_RANGE_LOOP_ANALYSIS = YES;
				CLANG_WARN_STRICT_PROTOTYPES = YES;
				CLANG_WARN_SUSPICIOUS_MOVE = YES;
				CLANG_WARN_UNGUARDED_AVAILABILITY = YES_AGGRESSIVE;
				CLANG_WARN_UNREACHABLE_CODE = YES;
				CLANG_WARN__DUPLICATE_METHOD_MATCH = YES;
				COPY_PHASE_STRIP = NO;
				DEBUG_INFORMATION_FORMAT = "dwarf-with-dsym";
				ENABLE_NS_ASSERTIONS = NO;
				ENABLE_STRICT_OBJC_MSGSEND = YES;
				GCC_C_LANGUAGE_STANDARD = gnu11;
				GCC_NO_COMMON_BLOCKS = YES;
				GCC_WARN_64_TO_32_BIT_CONVERSION = YES;
				GCC_WARN_ABOUT_RETURN_TYPE = YES_ERROR;
				GCC_WARN_UNDECLARED_SELECTOR = YES;
				GCC_WARN_UNINITIALIZED_AUTOS = YES_AGGRESSIVE;
				GCC_WARN_UNUSED_FUNCTION = YES;
				GCC_WARN_UNUSED_VARIABLE = YES;
				MTL_ENABLE_DEBUG_INFO = NO;
				MTL_FAST_MATH = YES;
				SDKROOT = appletvos;
				SWIFT_COMPILATION_MODE = wholemodule;
				SWIFT_OPTIMIZATION_LEVEL = "-O";
				TVOS_DEPLOYMENT_TARGET = 15.4;
				VALIDATE_PRODUCT = YES;
			};
			name = Release;
		};
		6C992C302806E60500708D2F /* Debug */ = {
			isa = XCBuildConfiguration;
			buildSettings = {
				ASSETCATALOG_COMPILER_APPICON_NAME = "App Icon & Top Shelf Image";
				ASSETCATALOG_COMPILER_GLOBAL_ACCENT_COLOR_NAME = AccentColor;
				CODE_SIGN_STYLE = Automatic;
				CURRENT_PROJECT_VERSION = 1;
				DEVELOPMENT_ASSET_PATHS = "\"VideoWallPaperV5/Preview Content\"";
				DEVELOPMENT_TEAM = 9DKR8LJGXM;
				ENABLE_PREVIEWS = YES;
				GENERATE_INFOPLIST_FILE = YES;
				INFOPLIST_FILE = VideoWallPaperV5/Info.plist;
				INFOPLIST_KEY_UILaunchScreen_Generation = YES;
				INFOPLIST_KEY_UIUserInterfaceStyle = Automatic;
				LD_RUNPATH_SEARCH_PATHS = (
					"$(inherited)",
					"@executable_path/Frameworks",
				);
				MARKETING_VERSION = 1.0;
				PRODUCT_BUNDLE_IDENTIFIER = dk.zanity.VideoWallPaperV5;
				PRODUCT_NAME = "$(TARGET_NAME)";
				SWIFT_EMIT_LOC_STRINGS = YES;
				SWIFT_VERSION = 5.0;
				TARGETED_DEVICE_FAMILY = 3;
			};
			name = Debug;
		};
		6C992C312806E60500708D2F /* Release */ = {
			isa = XCBuildConfiguration;
			buildSettings = {
				ASSETCATALOG_COMPILER_APPICON_NAME = "App Icon & Top Shelf Image";
				ASSETCATALOG_COMPILER_GLOBAL_ACCENT_COLOR_NAME = AccentColor;
				CODE_SIGN_STYLE = Automatic;
				CURRENT_PROJECT_VERSION = 1;
				DEVELOPMENT_ASSET_PATHS = "\"VideoWallPaperV5/Preview Content\"";
				DEVELOPMENT_TEAM = 9DKR8LJGXM;
				ENABLE_PREVIEWS = YES;
				GENERATE_INFOPLIST_FILE = YES;
				INFOPLIST_FILE = VideoWallPaperV5/Info.plist;
				INFOPLIST_KEY_UILaunchScreen_Generation = YES;
				INFOPLIST_KEY_UIUserInterfaceStyle = Automatic;
				LD_RUNPATH_SEARCH_PATHS = (
					"$(inherited)",
					"@executable_path/Frameworks",
				);
				MARKETING_VERSION = 1.0;
				PRODUCT_BUNDLE_IDENTIFIER = dk.zanity.VideoWallPaperV5;
				PRODUCT_NAME = "$(TARGET_NAME)";
				SWIFT_EMIT_LOC_STRINGS = YES;
				SWIFT_VERSION = 5.0;
				TARGETED_DEVICE_FAMILY = 3;
			};
			name = Release;
		};
/* End XCBuildConfiguration section */

/* Begin XCConfigurationList section */
		6C992C1C2806E60500708D2F /* Build configuration list for PBXProject "VideoWallPaperV5" */ = {
			isa = XCConfigurationList;
			buildConfigurations = (
				6C992C2D2806E60500708D2F /* Debug */,
				6C992C2E2806E60500708D2F /* Release */,
			);
			defaultConfigurationIsVisible = 0;
			defaultConfigurationName = Release;
		};
		6C992C2F2806E60500708D2F /* Build configuration list for PBXNativeTarget "VideoWallPaperV5" */ = {
			isa = XCConfigurationList;
			buildConfigurations = (
				6C992C302806E60500708D2F /* Debug */,
				6C992C312806E60500708D2F /* Release */,
			);
			defaultConfigurationIsVisible = 0;
			defaultConfigurationName = Release;
		};
/* End XCConfigurationList section */
	};
	rootObject = 6C992C192806E60500708D2F /* Project object */;
}
